{
  "lockfileVersion": 1,
  "configVersion": 1,
  "workspaces": {
    "": {
      "name": "scwebvpn-browser",
      "dependencies": {
        "@mercuryworkshop/epoxy-tls": "2.1.19-1",
        "@mercuryworkshop/proxy-transports": "1.0.2",
        "@mercuryworkshop/scramjet": "2.0.67-alpha.2",
        "@mercuryworkshop/scramjet-controller": "0.0.14",
      },
      "devDependencies": {
        "typescript": "5.9.3",
      },
    },
  },
  "packages": {
    "@fastify/deepmerge": ["@fastify/deepmerge@3.2.1", "", {}, "sha512-N5Oqvltoa2r9z1tbx4xjky0oRR60v+T47Ic4J1ukoVQcptLOrIdRnCSdTGmOmajZuHVKlTnfcmrjyqsGEW1ztA=="],

    "@mercuryworkshop/epoxy-tls": ["@mercuryworkshop/epoxy-tls@2.1.19-1", "", {}, "sha512-lF3WVDmKDWfClgFaDm1OAGI6PStcUUKUjNh2AJbfmLXEGh+dT4nvsuTY2QGRImnajCboIRyrpx9eGNY0egZSVg=="],

    "@mercuryworkshop/proxy-transports": ["@mercuryworkshop/proxy-transports@1.0.2", "", {}, "sha512-zgD+JMYNSx8LxVLWwGPPVnoDHjoh1GqqwUJIjhIwCwhy+Z7g+MhmiTJvCcRPAo7qXXbqJwIrpBJduRSOrjMV7g=="],

    "@mercuryworkshop/scramjet": ["@mercuryworkshop/scramjet@2.0.67-alpha.2", "", { "dependencies": { "@mercuryworkshop/proxy-transports": "1.0.2", "dom-serializer": "^2.0.0", "domhandler": "^5.0.3", "domutils": "^3.2.2", "htmlparser2": "^12.0.0", "idb": "^8.0.3", "parse-domain": "^8.2.2" } }, "sha512-E/vmwQTqIoYmPLDb76t8Nv7O9kUdv8C6mRejdsT8APk5vBUYyIMI6CO0gyUVRX77Fc/NyoopfZNSaJ4qufJEww=="],

    "@mercuryworkshop/scramjet-controller": ["@mercuryworkshop/scramjet-controller@0.0.14", "", { "dependencies": { "@fastify/deepmerge": "^3.2.1", "@mercuryworkshop/proxy-transports": "1.0.2" }, "peerDependencies": { "@mercuryworkshop/scramjet": "*" } }, "sha512-0Sfn0xcUM69h6pIaPmntwFYcAOLyNzGPE6AQSMwrakYUFhJNLbEYWMa4actp6w3jVnwpQ9suggOO1bKrX5zioA=="],

    "clone-regexp": ["clone-regexp@3.0.0", "", { "dependencies": { "is-regexp": "^3.0.0" } }, "sha512-ujdnoq2Kxb8s3ItNBtnYeXdm07FcU0u8ARAT1lQ2YdMwQC+cdiXX8KoqMVuglztILivceTtp4ivqGSmEmhBUJw=="],

    "convert-hrtime": ["convert-hrtime@5.0.0", "", {}, "sha512-lOETlkIeYSJWcbbcvjRKGxVMXJR+8+OQb/mTPbA4ObPMytYIsUbuOE0Jzy60hjARYszq1id0j8KgVhC+WGZVTg=="],

    "dom-serializer": ["dom-serializer@2.0.0", "", { "dependencies": { "domelementtype": "^2.3.0", "domhandler": "^5.0.2", "entities": "^4.2.0" } }, "sha512-wIkAryiqt/nV5EQKqQpo3SToSOV9J0DnbJqwK7Wv/Trc92zIAYZ4FlMu+JPFW1DfGFt81ZTCGgDEabffXeLyJg=="],

    "domelementtype": ["domelementtype@2.3.0", "", {}, "sha512-OLETBj6w0OsagBwdXnPdN0cnMfF9opN69co+7ZrbfPGrdpPVNBUj02spi6B1N7wChLQiPn4CSH/zJvXw56gmHw=="],

    "domhandler": ["domhandler@5.0.3", "", { "dependencies": { "domelementtype": "^2.3.0" } }, "sha512-cgwlv/1iFQiFnU96XXgROh8xTeetsnJiDsTc7TYCLFd9+/WNkIqPTxiM/8pSd8VIrhXGTf1Ny1q1hquVqDJB5w=="],

    "domutils": ["domutils@3.2.2", "", { "dependencies": { "dom-serializer": "^2.0.0", "domelementtype": "^2.3.0", "domhandler": "^5.0.3" } }, "sha512-6kZKyUajlDuqlHKVX1w7gyslj9MPIXzIFiz/rGu35uC1wMi+kMhQwGhl4lt9unC9Vb9INnY9Z3/ZA3+FhASLaw=="],

    "entities": ["entities@4.5.0", "", {}, "sha512-V0hjH4dGPh9Ao5p0MoRY6BVqtwCjhz6vI5LT8AJ55H+4g9/4vbHx1I54fS0XuclLhDHArPQCiMjDxjaL8fPxhw=="],

    "function-timeout": ["function-timeout@0.1.1", "", {}, "sha512-0NVVC0TaP7dSTvn1yMiy6d6Q8gifzbvQafO46RtLG/kHJUBNd+pVRGOBoK44wNBvtSPUJRfdVvkFdD3p0xvyZg=="],

    "htmlparser2": ["htmlparser2@12.0.0", "", { "dependencies": { "domelementtype": "^3.0.0", "domhandler": "^6.0.0", "domutils": "^4.0.2", "entities": "^8.0.0" } }, "sha512-Tz7u1i95/g2x2jz81+x0FBVhBhY5aRTvD3tXXdFaljuNdzDLJ8UGNRrTcj2cgQvAg3iW/h77Fz15nLW0L0CrZw=="],

    "idb": ["idb@8.0.3", "", {}, "sha512-LtwtVyVYO5BqRvcsKuB2iUMnHwPVByPCXFXOpuU96IZPPoPN6xjOGxZQ74pgSVVLQWtUOYgyeL4GE98BY5D3wg=="],

    "ip-regex": ["ip-regex@5.0.0", "", {}, "sha512-fOCG6lhoKKakwv+C6KdsOnGvgXnmgfmp0myi3bcNwj3qfwPAxRKWEuFhvEFF7ceYIz6+1jRZ+yguLFAmUNPEfw=="],

    "is-ip": ["is-ip@5.0.1", "", { "dependencies": { "ip-regex": "^5.0.0", "super-regex": "^0.2.0" } }, "sha512-FCsGHdlrOnZQcp0+XT5a+pYowf33itBalCl+7ovNXC/7o5BhIpG14M3OrpPPdBSIQJCm+0M5+9mO7S9VVTTCFw=="],

    "is-regexp": ["is-regexp@3.1.0", "", {}, "sha512-rbku49cWloU5bSMI+zaRaXdQHXnthP6DZ/vLnfdSKyL4zUzuWnomtOEiZZOd+ioQ+avFo/qau3KPTc7Fjy1uPA=="],

    "parse-domain": ["parse-domain@8.3.2", "", { "dependencies": { "is-ip": "^5.0.1" } }, "sha512-rGL3sJQWGHD+g6vmGuaOKQF7hKqY6KdecV6SbpR4YQuDIsql1qwqDtnZgfWjN6NFornQsL+T0orV3GMU+0En3g=="],

    "super-regex": ["super-regex@0.2.0", "", { "dependencies": { "clone-regexp": "^3.0.0", "function-timeout": "^0.1.0", "time-span": "^5.1.0" } }, "sha512-WZzIx3rC1CvbMDloLsVw0lkZVKJWbrkJ0k1ghKFmcnPrW1+jWbgTkTEWVtD9lMdmI4jZEz40+naBxl1dCUhXXw=="],

    "time-span": ["time-span@5.1.0", "", { "dependencies": { "convert-hrtime": "^5.0.0" } }, "sha512-75voc/9G4rDIJleOo4jPvN4/YC4GRZrY8yy1uU4lwrB3XEQbWve8zXoO5No4eFrGcTAMYyoY67p8jRQdtA1HbA=="],

    "typescript": ["typescript@5.9.3", "", { "bin": { "tsc": "bin/tsc", "tsserver": "bin/tsserver" } }, "sha512-jl1vZzPDinLr9eUt3J/t7V6FgNEw9QjvBPdysz9KfQDD41fQrC2Y4vKQdiaUpFT4bXlb1RHhLpp8wtm6M5TgSw=="],

    "htmlparser2/domelementtype": ["domelementtype@3.0.0", "", {}, "sha512-umCQid3jKbDmVjx8jGaW7uUykm4DEUeyV21hPxNMo2nV955DhUThwqyOIDtreepP31hl84X7G5U9ZfsWvIB3Pg=="],

    "htmlparser2/domhandler": ["domhandler@6.0.1", "", { "dependencies": { "domelementtype": "^3.0.0" } }, "sha512-gYzvtM72ZtxQO0T048kd6HWSbbGCNOUwcnfQ01cqIJ4X2IYKFFHZ5mKvrQETcFXxsRObZulDaKmy//R7TPtsBg=="],

    "htmlparser2/domutils": ["domutils@4.0.2", "", { "dependencies": { "dom-serializer": "^3.0.0", "domelementtype": "^3.0.0", "domhandler": "^6.0.0" } }, "sha512-qI4JLRKnSzqFqr7hAlS5xQDusBCjKSEG4t4+7aNrIQMHBcsC2TGEhuyABJdYkgSewL57PNLYEiibY2iPKhKpaA=="],

    "htmlparser2/entities": ["entities@8.0.0", "", {}, "sha512-zwfzJecQ/Uej6tusMqwAqU/6KL2XaB2VZ2Jg54Je6ahNBGNH6Ek6g3jjNCF0fG9EWQKGZNddNjU5F1ZQn/sBnA=="],

    "htmlparser2/domutils/dom-serializer": ["dom-serializer@3.1.1", "", { "dependencies": { "domelementtype": "^3.0.0", "domhandler": "^6.0.0", "entities": "^8.0.0" } }, "sha512-4MEa38/QexBob6gFNwu+EGdWvhJ1OKuNwdYY3Y3NyeWDQfnGeDYQUDfIRzWu5B5gsv03so2Uxd28YC6zrsx3Lw=="],
  }
}
